
Microsoft Visual Studio Solution File, Format Version 12.00
# Visual Studio Version 16
VisualStudioVersion = 16.0.31727.386
MinimumVisualStudioVersion = 10.0.40219.1
Project("{8BC9CEB8-8B4A-11D0-8D11-00A0C91BC942}") = "CppMathDll", "CppMathDll.vcxproj", "{85BE062E-D6ED-4C4E-A273-5481821D2A5C}"
EndProject
Project("{FAE04EC0-301F-11D3-BF4B-00C04F79EFBC}") = "UseMathDll", "..\UseMathDll\UseMathDll.csproj", "{20581AC4-001B-4952-A499-CAC054D86BE9}"
EndProject
Global
	GlobalSection(SolutionConfigurationPlatforms) = preSolution
		Debug|Any CPU = Debug|Any CPU
		Debug|x64 = Debug|x64
		Debug|x86 = Debug|x86
		Release|Any CPU = Release|Any CPU
		Release|x64 = Release|x64
		Release|x86 = Release|x86
	EndGlobalSection
	GlobalSection(ProjectConfigurationPlatforms) = postSolution
		{85BE062E-D6ED-4C4E-A273-5481821D2A5C}.Debug|Any CPU.ActiveCfg = Debug|Win32
		{85BE062E-D6ED-4C4E-A273-5481821D2A5C}.Debug|x64.ActiveCfg = Debug|x64
		{85BE062E-D6ED-4C4E-A273-5481821D2A5C}.Debug|x64.Build.0 = Debug|x64
		{85BE062E-D6ED-4C4E-A273-5481821D2A5C}.Debug|x86.ActiveCfg = Debug|Win32
		{85BE062E-D6ED-4C4E-A273-5481821D2A5C}.Debug|x86.Build.0 = Debug|Win32
		{85BE062E-D6ED-4C4E-A273-5481821D2A5C}.Release|Any CPU.ActiveCfg = Release|Win32
		{85BE062E-D6ED-4C4E-A273-5481821D2A5C}.Release|x64.ActiveCfg = Release|x64
		{85BE062E-D6ED-4C4E-A273-5481821D2A5C}.Release|x64.Build.0 = Release|x64
		{85BE062E-D6ED-4C4E-A273-5481821D2A5C}.Release|x86.ActiveCfg = Release|Win32
		{85BE062E-D6ED-4C4E-A273-5481821D2A5C}.Release|x86.Build.0 = Release|Win32
		{20581AC4-001B-4952-A499-CAC054D86BE9}.Debug|Any CPU.ActiveCfg = Debug|Any CPU
		{20581AC4-001B-4952-A499-CAC054D86BE9}.Debug|Any CPU.Build.0 = Debug|Any CPU
		{20581AC4-001B-4952-A499-CAC054D86BE9}.Debug|x64.ActiveCfg = Debug|Any CPU
		{20581AC4-001B-4952-A499-CAC054D86BE9}.Debug|x64.Build.0 = Debug|Any CPU
		{20581AC4-001B-4952-A499-CAC054D86BE9}.Debug|x86.ActiveCfg = Debug|Any CPU
		{20581AC4-001B-4952-A499-CAC054D86BE9}.Debug|x86.Build.0 = Debug|Any CPU
		{20581AC4-001B-4952-A499-CAC054D86BE9}.Release|Any CPU.ActiveCfg = Release|Any CPU
		{20581AC4-001B-4952-A499-CAC054D86BE9}.Release|Any CPU.Build.0 = Release|Any CPU
		{20581AC4-001B-4952-A499-CAC054D86BE9}.Release|x64.ActiveCfg = Release|Any CPU
		{20581AC4-001B-4952-A499-CAC054D86BE9}.Release|x64.Build.0 = Release|Any CPU
		{20581AC4-001B-4952-A499-CAC054D86BE9}.Release|x86.ActiveCfg = Release|Any CPU
		{20581AC4-001B-4952-A499-CAC054D86BE9}.Release|x86.Build.0 = Release|Any CPU
	EndGlobalSection
	GlobalSection(SolutionProperties) = preSolution
		HideSolutionNode = FALSE
	EndGlobalSection
	GlobalSection(ExtensibilityGlobals) = postSolution
		SolutionGuid = {5F195C29-A972-49EE-808E-BCDD2FB69267}
	EndGlobalSection
EndGlobal
